
Microsoft Visual Studio Solution File, Format Version 12.00
# Visual Studio Version 17
VisualStudioVersion = 17.13.35825.156 d17.13
MinimumVisualStudioVersion = 10.0.40219.1
Project("{FAE04EC0-301F-11D3-BF4B-00C04F79EFBC}") = "ConsumiendoAPI_Test", "ConsumiendoAPI_Test.csproj", "{713FB560-6587-44BA-849B-6DC7CCCB450C}"
EndProject
Global
	GlobalSection(SolutionConfigurationPlatforms) = preSolution
		Debug|Any CPU = Debug|Any CPU
		Release|Any CPU = Release|Any CPU
	EndGlobalSection
	GlobalSection(ProjectConfigurationPlatforms) = postSolution
		{713FB560-6587-44BA-849B-6DC7CCCB450C}.Debug|Any CPU.ActiveCfg = Debug|Any CPU
		{713FB560-6587-44BA-849B-6DC7CCCB450C}.Debug|Any CPU.Build.0 = Debug|Any CPU
		{713FB560-6587-44BA-849B-6DC7CCCB450C}.Release|Any CPU.ActiveCfg = Release|Any CPU
		{713FB560-6587-44BA-849B-6DC7CCCB450C}.Release|Any CPU.Build.0 = Release|Any CPU
	EndGlobalSection
	GlobalSection(SolutionProperties) = preSolution
		HideSolutionNode = FALSE
	EndGlobalSection
	GlobalSection(ExtensibilityGlobals) = postSolution
		SolutionGuid = {A401F2F4-62EB-4683-B9B0-31F7455A0324}
	EndGlobalSection
EndGlobal
